// !$*UTF8*$!
{
	archiveVersion = 1;
	classes = {
	};
	objectVersion = 50;
	objects = {

/* Begin PBXBuildFile section */
		0763A7AB217508B0004DB7CF /* AppDelegate.swift in Sources */ = {isa = PBXBuildFile; fileRef = 0763A7AA217508B0004DB7CF /* AppDelegate.swift */; };
		0763A7AD217508B0004DB7CF /* ViewController.swift in Sources */ = {isa = PBXBuildFile; fileRef = 0763A7AC217508B0004DB7CF /* ViewController.swift */; };
		0763A7B0217508B0004DB7CF /* Main.storyboard in Resources */ = {isa = PBXBuildFile; fileRef = 0763A7AE217508B0004DB7CF /* Main.storyboard */; };
		0763A7B2217508B1004DB7CF /* Assets.xcassets in Resources */ = {isa = PBXBuildFile; fileRef = 0763A7B1217508B1004DB7CF /* Assets.xcassets */; };
		0763A7B5217508B1004DB7CF /* LaunchScreen.storyboard in Resources */ = {isa = PBXBuildFile; fileRef = 0763A7B3217508B1004DB7CF /* LaunchScreen.storyboard */; };
		0763A7C5217636C6004DB7CF /* GameLibraryViewController.swift in Sources */ = {isa = PBXBuildFile; fileRef = 0763A7C4217636C6004DB7CF /* GameLibraryViewController.swift */; };
		0763A7C7217653D2004DB7CF /* gameTableViewCell.swift in Sources */ = {isa = PBXBuildFile; fileRef = 0763A7C6217653D2004DB7CF /* gameTableViewCell.swift */; };
		0763A7C921766474004DB7CF /* game.swift in Sources */ = {isa = PBXBuildFile; fileRef = 0763A7C821766474004DB7CF /* game.swift */; };
		0763A7CB21776F5D004DB7CF /* addGameViewController.swift in Sources */ = {isa = PBXBuildFile; fileRef = 0763A7CA21776F5D004DB7CF /* addGameViewController.swift */; };
		0763A7EB2177ACCB004DB7CF /* gameManager.swift in Sources */ = {isa = PBXBuildFile; fileRef = 0763A7EA2177ACCB004DB7CF /* gameManager.swift */; };
		0763A7EF21790CFA004DB7CF /* editGameStoryboard.storyboard in Resources */ = {isa = PBXBuildFile; fileRef = 0763A7EE21790CFA004DB7CF /* editGameStoryboard.storyboard */; };
		0763A7F1217914E8004DB7CF /* EditGameViewController.swift in Sources */ = {isa = PBXBuildFile; fileRef = 0763A7F0217914E8004DB7CF /* EditGameViewController.swift */; };
		0763A7F7217E1EFF004DB7CF /* utilities .swift in Sources */ = {isa = PBXBuildFile; fileRef = 0763A7F6217E1EFF004DB7CF /* utilities .swift */; };
		0763A7F9217EB446004DB7CF /* images.png in Resources */ = {isa = PBXBuildFile; fileRef = 0763A7F8217EB446004DB7CF /* images.png */; };
		821AEF90C73E9E4410001D2F /* Pods_VideoGameLibraryProject.framework in Frameworks */ = {isa = PBXBuildFile; fileRef = 7AE2D5A172ECB2E42DA79019 /* Pods_VideoGameLibraryProject.framework */; };
/* End PBXBuildFile section */

/* Begin PBXFileReference section */
		0763A7A7217508B0004DB7CF /* VideoGameLibraryProject.app */ = {isa = PBXFileReference; explicitFileType = wrapper.application; includeInIndex = 0; path = VideoGameLibraryProject.app; sourceTree = BUILT_PRODUCTS_DIR; };
		0763A7AA217508B0004DB7CF /* AppDelegate.swift */ = {isa = PBXFileReference; lastKnownFileType = sourcecode.swift; path = AppDelegate.swift; sourceTree = "<group>"; };
		0763A7AC217508B0004DB7CF /* ViewController.swift */ = {isa = PBXFileReference; lastKnownFileType = sourcecode.swift; path = ViewController.swift; sourceTree = "<group>"; };
		0763A7AF217508B0004DB7CF /* Base */ = {isa = PBXFileReference; lastKnownFileType = file.storyboard; name = Base; path = Base.lproj/Main.storyboard; sourceTree = "<group>"; };
		0763A7B1217508B1004DB7CF /* Assets.xcassets */ = {isa = PBXFileReference; lastKnownFileType = folder.assetcatalog; path = Assets.xcassets; sourceTree = "<group>"; };
		0763A7B4217508B1004DB7CF /* Base */ = {isa = PBXFileReference; lastKnownFileType = file.storyboard; name = Base; path = Base.lproj/LaunchScreen.storyboard; sourceTree = "<group>"; };
		0763A7B6217508B1004DB7CF /* Info.plist */ = {isa = PBXFileReference; lastKnownFileType = text.plist.xml; path = Info.plist; sourceTree = "<group>"; };
		0763A7C4217636C6004DB7CF /* GameLibraryViewController.swift */ = {isa = PBXFileReference; lastKnownFileType = sourcecode.swift; path = GameLibraryViewController.swift; sourceTree = "<group>"; };
		0763A7C6217653D2004DB7CF /* gameTableViewCell.swift */ = {isa = PBXFileReference; lastKnownFileType = sourcecode.swift; path = gameTableViewCell.swift; sourceTree = "<group>"; };
		0763A7C821766474004DB7CF /* game.swift */ = {isa = PBXFileReference; lastKnownFileType = sourcecode.swift; path = game.swift; sourceTree = "<group>"; };
		0763A7CA21776F5D004DB7CF /* addGameViewController.swift */ = {isa = PBXFileReference; lastKnownFileType = sourcecode.swift; path = addGameViewController.swift; sourceTree = "<group>"; };
		0763A7EA2177ACCB004DB7CF /* gameManager.swift */ = {isa = PBXFileReference; lastKnownFileType = sourcecode.swift; path = gameManager.swift; sourceTree = "<group>"; };
		0763A7EE21790CFA004DB7CF /* editGameStoryboard.storyboard */ = {isa = PBXFileReference; lastKnownFileType = file.storyboard; path = editGameStoryboard.storyboard; sourceTree = "<group>"; };
		0763A7F0217914E8004DB7CF /* EditGameViewController.swift */ = {isa = PBXFileReference; lastKnownFileType = sourcecode.swift; path = EditGameViewController.swift; sourceTree = "<group>"; };
		0763A7F6217E1EFF004DB7CF /* utilities .swift */ = {isa = PBXFileReference; fileEncoding = 4; lastKnownFileType = sourcecode.swift; path = "utilities .swift"; sourceTree = "<group>"; };
		0763A7F8217EB446004DB7CF /* images.png */ = {isa = PBXFileReference; lastKnownFileType = image.png; path = images.png; sourceTree = "<group>"; };
		7AE2D5A172ECB2E42DA79019 /* Pods_VideoGameLibraryProject.framework */ = {isa = PBXFileReference; explicitFileType = wrapper.framework; includeInIndex = 0; path = Pods_VideoGameLibraryProject.framework; sourceTree = BUILT_PRODUCTS_DIR; };
		A1732C7037DD5C49E8D47156 /* Pods-VideoGameLibraryProject.debug.xcconfig */ = {isa = PBXFileReference; includeInIndex = 1; lastKnownFileType = text.xcconfig; name = "Pods-VideoGameLibraryProject.debug.xcconfig"; path = "Pods/Target Support Files/Pods-VideoGameLibraryProject/Pods-VideoGameLibraryProject.debug.xcconfig"; sourceTree = "<group>"; };
		B637684EC99AC2B368D0FC82 /* Pods-VideoGameLibraryProject.release.xcconfig */ = {isa = PBXFileReference; includeInIndex = 1; lastKnownFileType = text.xcconfig; name = "Pods-VideoGameLibraryProject.release.xcconfig"; path = "Pods/Target Support Files/Pods-VideoGameLibraryProject/Pods-VideoGameLibraryProject.release.xcconfig"; sourceTree = "<group>"; };
/* End PBXFileReference section */

/* Begin PBXFrameworksBuildPhase section */
		0763A7A4217508B0004DB7CF /* Frameworks */ = {
			isa = PBXFrameworksBuildPhase;
			buildActionMask = 2147483647;
			files = (
				821AEF90C73E9E4410001D2F /* Pods_VideoGameLibraryProject.framework in Frameworks */,
			);
			runOnlyForDeploymentPostprocessing = 0;
		};
/* End PBXFrameworksBuildPhase section */

/* Begin PBXGroup section */
		0763A79E217508B0004DB7CF = {
			isa = PBXGroup;
			children = (
				0763A7A9217508B0004DB7CF /* VideoGameLibraryProject */,
				0763A7A8217508B0004DB7CF /* Products */,
				2CB3A537F98AA6305A90BAB1 /* Pods */,
				2B1D74F237146F0997842943 /* Frameworks */,
			);
			sourceTree = "<group>";
		};
		0763A7A8217508B0004DB7CF /* Products */ = {
			isa = PBXGroup;
			children = (
				0763A7A7217508B0004DB7CF /* VideoGameLibraryProject.app */,
			);
			name = Products;
			sourceTree = "<group>";
		};
		0763A7A9217508B0004DB7CF /* VideoGameLibraryProject */ = {
			isa = PBXGroup;
			children = (
				0763A7F2217A1495004DB7CF /* New Group */,
				0763A7AA217508B0004DB7CF /* AppDelegate.swift */,
				0763A7F3217A14C1004DB7CF /* storyboards */,
				0763A7F4217A14FA004DB7CF /* viewcontrollers */,
				0763A7F5217A1607004DB7CF /* componets */,
				0763A7B1217508B1004DB7CF /* Assets.xcassets */,
				0763A7B6217508B1004DB7CF /* Info.plist */,
				0763A7F8217EB446004DB7CF /* images.png */,
			);
			path = VideoGameLibraryProject;
			sourceTree = "<group>";
		};
		0763A7F2217A1495004DB7CF /* New Group */ = {
			isa = PBXGroup;
			children = (
			);
			path = "New Group";
			sourceTree = "<group>";
		};
		0763A7F3217A14C1004DB7CF /* storyboards */ = {
			isa = PBXGroup;
			children = (
				0763A7B3217508B1004DB7CF /* LaunchScreen.storyboard */,
				0763A7EE21790CFA004DB7CF /* editGameStoryboard.storyboard */,
				0763A7AE217508B0004DB7CF /* Main.storyboard */,
			);
			path = storyboards;
			sourceTree = "<group>";
		};
		0763A7F4217A14FA004DB7CF /* viewcontrollers */ = {
			isa = PBXGroup;
			children = (
				0763A7F0217914E8004DB7CF /* EditGameViewController.swift */,
				0763A7CA21776F5D004DB7CF /* addGameViewController.swift */,
				0763A7C4217636C6004DB7CF /* GameLibraryViewController.swift */,
				0763A7AC217508B0004DB7CF /* ViewController.swift */,
			);
			path = viewcontrollers;
			sourceTree = "<group>";
		};
		0763A7F5217A1607004DB7CF /* componets */ = {
			isa = PBXGroup;
			children = (
				0763A7EA2177ACCB004DB7CF /* gameManager.swift */,
				0763A7C821766474004DB7CF /* game.swift */,
				0763A7C6217653D2004DB7CF /* gameTableViewCell.swift */,
				0763A7F6217E1EFF004DB7CF /* utilities .swift */,
			);
			path = componets;
			sourceTree = "<group>";
		};
		2B1D74F237146F0997842943 /* Frameworks */ = {
			isa = PBXGroup;
			children = (
				7AE2D5A172ECB2E42DA79019 /* Pods_VideoGameLibraryProject.framework */,
			);
			name = Frameworks;
			sourceTree = "<group>";
		};
		2CB3A537F98AA6305A90BAB1 /* Pods */ = {
			isa = PBXGroup;
			children = (
				A1732C7037DD5C49E8D47156 /* Pods-VideoGameLibraryProject.debug.xcconfig */,
				B637684EC99AC2B368D0FC82 /* Pods-VideoGameLibraryProject.release.xcconfig */,
			);
			name = Pods;
			sourceTree = "<group>";
		};
/* End PBXGroup section */

/* Begin PBXNativeTarget section */
		0763A7A6217508B0004DB7CF /* VideoGameLibraryProject */ = {
			isa = PBXNativeTarget;
			buildConfigurationList = 0763A7B9217508B1004DB7CF /* Build configuration list for PBXNativeTarget "VideoGameLibraryProject" */;
			buildPhases = (
				942D17FCCC807076AAB300AA /* [CP] Check Pods Manifest.lock */,
				0763A7A3217508B0004DB7CF /* Sources */,
				0763A7A4217508B0004DB7CF /* Frameworks */,
				0763A7A5217508B0004DB7CF /* Resources */,
				14C2533DE77C177B48E62441 /* [CP] Embed Pods Frameworks */,
			);
			buildRules = (
			);
			dependencies = (
			);
			name = VideoGameLibraryProject;
			productName = VideoGameLibraryProject;
			productReference = 0763A7A7217508B0004DB7CF /* VideoGameLibraryProject.app */;
			productType = "com.apple.product-type.application";
		};
/* End PBXNativeTarget section */

/* Begin PBXProject section */
		0763A79F217508B0004DB7CF /* Project object */ = {
			isa = PBXProject;
			attributes = {
				LastSwiftUpdateCheck = 1000;
				LastUpgradeCheck = 1000;
				ORGANIZATIONNAME = "Jamie Cummings";
				TargetAttributes = {
					0763A7A6217508B0004DB7CF = {
						CreatedOnToolsVersion = 10.0;
					};
				};
			};
			buildConfigurationList = 0763A7A2217508B0004DB7CF /* Build configuration list for PBXProject "VideoGameLibraryProject" */;
			compatibilityVersion = "Xcode 9.3";
			developmentRegion = en;
			hasScannedForEncodings = 0;
			knownRegions = (
				en,
				Base,
			);
			mainGroup = 0763A79E217508B0004DB7CF;
			productRefGroup = 0763A7A8217508B0004DB7CF /* Products */;
			projectDirPath = "";
			projectRoot = "";
			targets = (
				0763A7A6217508B0004DB7CF /* VideoGameLibraryProject */,
			);
		};
/* End PBXProject section */

/* Begin PBXResourcesBuildPhase section */
		0763A7A5217508B0004DB7CF /* Resources */ = {
			isa = PBXResourcesBuildPhase;
			buildActionMask = 2147483647;
			files = (
				0763A7B5217508B1004DB7CF /* LaunchScreen.storyboard in Resources */,
				0763A7B2217508B1004DB7CF /* Assets.xcassets in Resources */,
				0763A7EF21790CFA004DB7CF /* editGameStoryboard.storyboard in Resources */,
				0763A7F9217EB446004DB7CF /* images.png in Resources */,
				0763A7B0217508B0004DB7CF /* Main.storyboard in Resources */,
			);
			runOnlyForDeploymentPostprocessing = 0;
		};
/* End PBXResourcesBuildPhase section */

/* Begin PBXShellScriptBuildPhase section */
		14C2533DE77C177B48E62441 /* [CP] Embed Pods Frameworks */ = {
			isa = PBXShellScriptBuildPhase;
			buildActionMask = 2147483647;
			files = (
			);
			inputPaths = (
				"${SRCROOT}/Pods/Target Support Files/Pods-VideoGameLibraryProject/Pods-VideoGameLibraryProject-frameworks.sh",
				"${BUILT_PRODUCTS_DIR}/Realm/Realm.framework",
				"${BUILT_PRODUCTS_DIR}/RealmSwift/RealmSwift.framework",
			);
			name = "[CP] Embed Pods Frameworks";
			outputPaths = (
				"${TARGET_BUILD_DIR}/${FRAMEWORKS_FOLDER_PATH}/Realm.framework",
				"${TARGET_BUILD_DIR}/${FRAMEWORKS_FOLDER_PATH}/RealmSwift.framework",
			);
			runOnlyForDeploymentPostprocessing = 0;
			shellPath = /bin/sh;
			shellScript = "\"${SRCROOT}/Pods/Target Support Files/Pods-VideoGameLibraryProject/Pods-VideoGameLibraryProject-frameworks.sh\"\n";
			showEnvVarsInLog = 0;
		};
		942D17FCCC807076AAB300AA /* [CP] Check Pods Manifest.lock */ = {
			isa = PBXShellScriptBuildPhase;
			buildActionMask = 2147483647;
			files = (
			);
			inputPaths = (
				"${PODS_PODFILE_DIR_PATH}/Podfile.lock",
				"${PODS_ROOT}/Manifest.lock",
			);
			name = "[CP] Check Pods Manifest.lock";
			outputPaths = (
				"$(DERIVED_FILE_DIR)/Pods-VideoGameLibraryProject-checkManifestLockResult.txt",
			);
			runOnlyForDeploymentPostprocessing = 0;
			shellPath = /bin/sh;
			shellScript = "diff \"${PODS_PODFILE_DIR_PATH}/Podfile.lock\" \"${PODS_ROOT}/Manifest.lock\" > /dev/null\nif [ $? != 0 ] ; then\n    # print error to STDERR\n    echo \"error: The sandbox is not in sync with the Podfile.lock. Run 'pod install' or update your CocoaPods installation.\" >&2\n    exit 1\nfi\n# This output is used by Xcode 'outputs' to avoid re-running this script phase.\necho \"SUCCESS\" > \"${SCRIPT_OUTPUT_FILE_0}\"\n";
			showEnvVarsInLog = 0;
		};
/* End PBXShellScriptBuildPhase section */

/* Begin PBXSourcesBuildPhase section */
		0763A7A3217508B0004DB7CF /* Sources */ = {
			isa = PBXSourcesBuildPhase;
			buildActionMask = 2147483647;
			files = (
				0763A7AD217508B0004DB7CF /* ViewController.swift in Sources */,
				0763A7AB217508B0004DB7CF /* AppDelegate.swift in Sources */,
				0763A7F1217914E8004DB7CF /* EditGameViewController.swift in Sources */,
				0763A7C921766474004DB7CF /* game.swift in Sources */,
				0763A7C5217636C6004DB7CF /* GameLibraryViewController.swift in Sources */,
				0763A7F7217E1EFF004DB7CF /* utilities .swift in Sources */,
				0763A7CB21776F5D004DB7CF /* addGameViewController.swift in Sources */,
				0763A7EB2177ACCB004DB7CF /* gameManager.swift in Sources */,
				0763A7C7217653D2004DB7CF /* gameTableViewCell.swift in Sources */,
			);
			runOnlyForDeploymentPostprocessing = 0;
		};
/* End PBXSourcesBuildPhase section */

/* Begin PBXVariantGroup section */
		0763A7AE217508B0004DB7CF /* Main.storyboard */ = {
			isa = PBXVariantGroup;
			children = (
				0763A7AF217508B0004DB7CF /* Base */,
			);
			name = Main.storyboard;
			sourceTree = "<group>";
		};
		0763A7B3217508B1004DB7CF /* LaunchScreen.storyboard */ = {
			isa = PBXVariantGroup;
			children = (
				0763A7B4217508B1004DB7CF /* Base */,
			);
			name = LaunchScreen.storyboard;
			sourceTree = "<group>";
		};
/* End PBXVariantGroup section */

/* Begin XCBuildConfiguration section */
		0763A7B7217508B1004DB7CF /* Debug */ = {
			isa = XCBuildConfiguration;
			buildSettings = {
				ALWAYS_SEARCH_USER_PATHS = NO;
				CLANG_ANALYZER_NONNULL = YES;
				CLANG_ANALYZER_NUMBER_OBJECT_CONVERSION = YES_AGGRESSIVE;
				CLANG_CXX_LANGUAGE_STANDARD = "gnu++14";
				CLANG_CXX_LIBRARY = "libc++";
				CLANG_ENABLE_MODULES = YES;
				CLANG_ENABLE_OBJC_ARC = YES;
				CLANG_ENABLE_OBJC_WEAK = YES;
				CLANG_WARN_BLOCK_CAPTURE_AUTORELEASING = YES;
				CLANG_WARN_BOOL_CONVERSION = YES;
				CLANG_WARN_COMMA = YES;
				CLANG_WARN_CONSTANT_CONVERSION = YES;
				CLANG_WARN_DEPRECATED_OBJC_IMPLEMENTATIONS = YES;
				CLANG_WARN_DIRECT_OBJC_ISA_USAGE = YES_ERROR;
				CLANG_WARN_DOCUMENTATION_COMMENTS = YES;
				CLANG_WARN_EMPTY_BODY = YES;
				CLANG_WARN_ENUM_CONVERSION = YES;
				CLANG_WARN_INFINITE_RECURSION = YES;
				CLANG_WARN_INT_CONVERSION = YES;
				CLANG_WARN_NON_LITERAL_NULL_CONVERSION = YES;
				CLANG_WARN_OBJC_IMPLICIT_RETAIN_SELF = YES;
				CLANG_WARN_OBJC_LITERAL_CONVERSION = YES;
				CLANG_WARN_OBJC_ROOT_CLASS = YES_ERROR;
				CLANG_WARN_RANGE_LOOP_ANALYSIS = YES;
				CLANG_WARN_STRICT_PROTOTYPES = YES;
				CLANG_WARN_SUSPICIOUS_MOVE = YES;
				CLANG_WARN_UNGUARDED_AVAILABILITY = YES_AGGRESSIVE;
				CLANG_WARN_UNREACHABLE_CODE = YES;
				CLANG_WARN__DUPLICATE_METHOD_MATCH = YES;
				CODE_SIGN_IDENTITY = "iPhone Developer";
				COPY_PHASE_STRIP = NO;
				DEBUG_INFORMATION_FORMAT = dwarf;
				ENABLE_STRICT_OBJC_MSGSEND = YES;
				ENABLE_TESTABILITY = YES;
				GCC_C_LANGUAGE_STANDARD = gnu11;
				GCC_DYNAMIC_NO_PIC = NO;
				GCC_NO_COMMON_BLOCKS = YES;
				GCC_OPTIMIZATION_LEVEL = 0;
				GCC_PREPROCESSOR_DEFINITIONS = (
					"DEBUG=1",
					"$(inherited)",
				);
				GCC_WARN_64_TO_32_BIT_CONVERSION = YES;
				GCC_WARN_ABOUT_RETURN_TYPE = YES_ERROR;
				GCC_WARN_UNDECLARED_SELECTOR = YES;
				GCC_WARN_UNINITIALIZED_AUTOS = YES_AGGRESSIVE;
				GCC_WARN_UNUSED_FUNCTION = YES;
				GCC_WARN_UNUSED_VARIABLE = YES;
				IPHONEOS_DEPLOYMENT_TARGET = 12.0;
				MTL_ENABLE_DEBUG_INFO = INCLUDE_SOURCE;
				MTL_FAST_MATH = YES;
				ONLY_ACTIVE_ARCH = YES;
				SDKROOT = iphoneos;
				SWIFT_ACTIVE_COMPILATION_CONDITIONS = DEBUG;
				SWIFT_OPTIMIZATION_LEVEL = "-Onone";
			};
			name = Debug;
		};
		0763A7B8217508B1004DB7CF /* Release */ = {
			isa = XCBuildConfiguration;
			buildSettings = {
				ALWAYS_SEARCH_USER_PATHS = NO;
				CLANG_ANALYZER_NONNULL = YES;
				CLANG_ANALYZER_NUMBER_OBJECT_CONVERSION = YES_AGGRESSIVE;
				CLANG_CXX_LANGUAGE_STANDARD = "gnu++14";
				CLANG_CXX_LIBRARY = "libc++";
				CLANG_ENABLE_MODULES = YES;
				CLANG_ENABLE_OBJC_ARC = YES;
				CLANG_ENABLE_OBJC_WEAK = YES;
				CLANG_WARN_BLOCK_CAPTURE_AUTORELEASING = YES;
				CLANG_WARN_BOOL_CONVERSION = YES;
				CLANG_WARN_COMMA = YES;
				CLANG_WARN_CONSTANT_CONVERSION = YES;
				CLANG_WARN_DEPRECATED_OBJC_IMPLEMENTATIONS = YES;
				CLANG_WARN_DIRECT_OBJC_ISA_USAGE = YES_ERROR;
				CLANG_WARN_DOCUMENTATION_COMMENTS = YES;
				CLANG_WARN_EMPTY_BODY = YES;
				CLANG_WARN_ENUM_CONVERSION = YES;
				CLANG_WARN_INFINITE_RECURSION = YES;
				CLANG_WARN_INT_CONVERSION = YES;
				CLANG_WARN_NON_LITERAL_NULL_CONVERSION = YES;
				CLANG_WARN_OBJC_IMPLICIT_RETAIN_SELF = YES;
				CLANG_WARN_OBJC_LITERAL_CONVERSION = YES;
				CLANG_WARN_OBJC_ROOT_CLASS = YES_ERROR;
				CLANG_WARN_RANGE_LOOP_ANALYSIS = YES;
				CLANG_WARN_STRICT_PROTOTYPES = YES;
				CLANG_WARN_SUSPICIOUS_MOVE = YES;
				CLANG_WARN_UNGUARDED_AVAILABILITY = YES_AGGRESSIVE;
				CLANG_WARN_UNREACHABLE_CODE = YES;
				CLANG_WARN__DUPLICATE_METHOD_MATCH = YES;
				CODE_SIGN_IDENTITY = "iPhone Developer";
				COPY_PHASE_STRIP = NO;
				DEBUG_INFORMATION_FORMAT = "dwarf-with-dsym";
				ENABLE_NS_ASSERTIONS = NO;
				ENABLE_STRICT_OBJC_MSGSEND = YES;
				GCC_C_LANGUAGE_STANDARD = gnu11;
				GCC_NO_COMMON_BLOCKS = YES;
				GCC_WARN_64_TO_32_BIT_CONVERSION = YES;
				GCC_WARN_ABOUT_RETURN_TYPE = YES_ERROR;
				GCC_WARN_UNDECLARED_SELECTOR = YES;
				GCC_WARN_UNINITIALIZED_AUTOS = YES_AGGRESSIVE;
				GCC_WARN_UNUSED_FUNCTION = YES;
				GCC_WARN_UNUSED_VARIABLE = YES;
				IPHONEOS_DEPLOYMENT_TARGET = 12.0;
				MTL_ENABLE_DEBUG_INFO = NO;
				MTL_FAST_MATH = YES;
				SDKROOT = iphoneos;
				SWIFT_COMPILATION_MODE = wholemodule;
				SWIFT_OPTIMIZATION_LEVEL = "-O";
				VALIDATE_PRODUCT = YES;
			};
			name = Release;
		};
		0763A7BA217508B1004DB7CF /* Debug */ = {
			isa = XCBuildConfiguration;
			baseConfigurationReference = A1732C7037DD5C49E8D47156 /* Pods-VideoGameLibraryProject.debug.xcconfig */;
			buildSettings = {
				ASSETCATALOG_COMPILER_APPICON_NAME = AppIcon;
				CODE_SIGN_STYLE = Automatic;
				INFOPLIST_FILE = VideoGameLibraryProject/Info.plist;
				LD_RUNPATH_SEARCH_PATHS = (
					"$(inherited)",
					"@executable_path/Frameworks",
				);
				PRODUCT_BUNDLE_IDENTIFIER = com.interaptskills.VideoGameLibraryProject;
				PRODUCT_NAME = "$(TARGET_NAME)";
				SWIFT_VERSION = 4.2;
				TARGETED_DEVICE_FAMILY = "1,2";
			};
			name = Debug;
		};
		0763A7BB217508B1004DB7CF /* Release */ = {
			isa = XCBuildConfiguration;
			baseConfigurationReference = B637684EC99AC2B368D0FC82 /* Pods-VideoGameLibraryProject.release.xcconfig */;
			buildSettings = {
				ASSETCATALOG_COMPILER_APPICON_NAME = AppIcon;
				CODE_SIGN_STYLE = Automatic;
				INFOPLIST_FILE = VideoGameLibraryProject/Info.plist;
				LD_RUNPATH_SEARCH_PATHS = (
					"$(inherited)",
					"@executable_path/Frameworks",
				);
				PRODUCT_BUNDLE_IDENTIFIER = com.interaptskills.VideoGameLibraryProject;
				PRODUCT_NAME = "$(TARGET_NAME)";
				SWIFT_VERSION = 4.2;
				TARGETED_DEVICE_FAMILY = "1,2";
			};
			name = Release;
		};
/* End XCBuildConfiguration section */

/* Begin XCConfigurationList section */
		0763A7A2217508B0004DB7CF /* Build configuration list for PBXProject "VideoGameLibraryProject" */ = {
			isa = XCConfigurationList;
			buildConfigurations = (
				0763A7B7217508B1004DB7CF /* Debug */,
				0763A7B8217508B1004DB7CF /* Release */,
			);
			defaultConfigurationIsVisible = 0;
			defaultConfigurationName = Release;
		};
		0763A7B9217508B1004DB7CF /* Build configuration list for PBXNativeTarget "VideoGameLibraryProject" */ = {
			isa = XCConfigurationList;
			buildConfigurations = (
				0763A7BA217508B1004DB7CF /* Debug */,
				0763A7BB217508B1004DB7CF /* Release */,
			);
			defaultConfigurationIsVisible = 0;
			defaultConfigurationName = Release;
		};
/* End XCConfigurationList section */
	};
	rootObject = 0763A79F217508B0004DB7CF /* Project object */;
}
